
Microsoft Visual Studio Solution File, Format Version 12.00
# Visual Studio Version 16
VisualStudioVersion = 16.0.31321.278
MinimumVisualStudioVersion = 10.0.40219.1
Project("{FAE04EC0-301F-11D3-BF4B-00C04F79EFBC}") = "Avanade.SubTCSE.Projeto.Api", "Avanade.SubTCSE.Projeto.Api\Avanade.SubTCSE.Projeto.Api.csproj", "{293001F9-2453-4796-BEC1-A5907ED17BCE}"
EndProject
Global
	GlobalSection(SolutionConfigurationPlatforms) = preSolution
		Debug|Any CPU = Debug|Any CPU
		Release|Any CPU = Release|Any CPU
	EndGlobalSection
	GlobalSection(ProjectConfigurationPlatforms) = postSolution
		{293001F9-2453-4796-BEC1-A5907ED17BCE}.Debug|Any CPU.ActiveCfg = Debug|Any CPU
		{293001F9-2453-4796-BEC1-A5907ED17BCE}.Debug|Any CPU.Build.0 = Debug|Any CPU
		{293001F9-2453-4796-BEC1-A5907ED17BCE}.Release|Any CPU.ActiveCfg = Release|Any CPU
		{293001F9-2453-4796-BEC1-A5907ED17BCE}.Release|Any CPU.Build.0 = Release|Any CPU
	EndGlobalSection
	GlobalSection(SolutionProperties) = preSolution
		HideSolutionNode = FALSE
	EndGlobalSection
	GlobalSection(ExtensibilityGlobals) = postSolution
		SolutionGuid = {623BCA18-507B-4FFB-8726-24C26A3E654E}
	EndGlobalSection
EndGlobal
